// !$*UTF8*$!
{
	archiveVersion = 1;
	classes = {
	};
	objectVersion = 56;
	objects = {

/* Begin PBXBuildFile section */
		CE0ECB112C1B15900083E256 /* Kingfisher in Frameworks */ = {isa = PBXBuildFile; productRef = CE0ECB102C1B15900083E256 /* Kingfisher */; };
		CE0ECB142C1B15980083E256 /* Alamofire in Frameworks */ = {isa = PBXBuildFile; productRef = CE0ECB132C1B15980083E256 /* Alamofire */; };
		CE0ECB172C1B159F0083E256 /* SnapKit in Frameworks */ = {isa = PBXBuildFile; productRef = CE0ECB162C1B159F0083E256 /* SnapKit */; };
		CE0ECB2A2C1CA8CF0083E256 /* Constants.swift in Sources */ = {isa = PBXBuildFile; fileRef = CE0ECB282C1CA8CF0083E256 /* Constants.swift */; };
		CE0ECB2E2C1CA8D40083E256 /* String+Extension.swift in Sources */ = {isa = PBXBuildFile; fileRef = CE0ECB2B2C1CA8D40083E256 /* String+Extension.swift */; };
		CE0ECB2F2C1CA8D40083E256 /* UIColor+Extension.swift in Sources */ = {isa = PBXBuildFile; fileRef = CE0ECB2C2C1CA8D40083E256 /* UIColor+Extension.swift */; };
		CE0ECB342C1CA8ED0083E256 /* LaunchScreenViewController.swift in Sources */ = {isa = PBXBuildFile; fileRef = CE0ECB302C1CA8ED0083E256 /* LaunchScreenViewController.swift */; };
		CE0ECB352C1CA8ED0083E256 /* OnboardingViewController.swift in Sources */ = {isa = PBXBuildFile; fileRef = CE0ECB322C1CA8ED0083E256 /* OnboardingViewController.swift */; };
		CE0ECB382C1CAA060083E256 /* BaseViewBuildable.swift in Sources */ = {isa = PBXBuildFile; fileRef = CE0ECB372C1CAA060083E256 /* BaseViewBuildable.swift */; };
		CE0ECB3B2C1CAA8D0083E256 /* MOBaseViewController.swift in Sources */ = {isa = PBXBuildFile; fileRef = CE0ECB3A2C1CAA8D0083E256 /* MOBaseViewController.swift */; };
		CE0ECB3D2C1CB2940083E256 /* BaseViewControllerBuildable.swift in Sources */ = {isa = PBXBuildFile; fileRef = CE0ECB3C2C1CB2940083E256 /* BaseViewControllerBuildable.swift */; };
		CE0ECB452C1CBF9F0083E256 /* LogoView.swift in Sources */ = {isa = PBXBuildFile; fileRef = CE0ECB442C1CBF9F0083E256 /* LogoView.swift */; };
		CE0ECB4B2C1D90FC0083E256 /* ProfileSettingViewController.swift in Sources */ = {isa = PBXBuildFile; fileRef = CE0ECB4A2C1D90FC0083E256 /* ProfileSettingViewController.swift */; };
		CE0ECB4D2C1D91660083E256 /* ProfileImageView.swift in Sources */ = {isa = PBXBuildFile; fileRef = CE0ECB4C2C1D91660083E256 /* ProfileImageView.swift */; };
		CE0ECB512C1DBD910083E256 /* RoundCornerButton.swift in Sources */ = {isa = PBXBuildFile; fileRef = CE0ECB502C1DBD910083E256 /* RoundCornerButton.swift */; };
		CE0ECB532C1DCE540083E256 /* ProfileSettingView.swift in Sources */ = {isa = PBXBuildFile; fileRef = CE0ECB522C1DCE540083E256 /* ProfileSettingView.swift */; };
		CE0ECB552C1DD1CA0083E256 /* MOTextField.swift in Sources */ = {isa = PBXBuildFile; fileRef = CE0ECB542C1DD1CA0083E256 /* MOTextField.swift */; };
		CE0ECB572C1DD7850083E256 /* UIImage+Extension.swift in Sources */ = {isa = PBXBuildFile; fileRef = CE0ECB562C1DD7850083E256 /* UIImage+Extension.swift */; };
		CE0ECB5A2C1DE8CA0083E256 /* MainViewController.swift in Sources */ = {isa = PBXBuildFile; fileRef = CE0ECB592C1DE8CA0083E256 /* MainViewController.swift */; };
		CE0ECB5C2C1DE94A0083E256 /* MainView.swift in Sources */ = {isa = PBXBuildFile; fileRef = CE0ECB5B2C1DE94A0083E256 /* MainView.swift */; };
		CE0ECB5E2C1DEA830083E256 /* ProfileSelectionViewController.swift in Sources */ = {isa = PBXBuildFile; fileRef = CE0ECB5D2C1DEA830083E256 /* ProfileSelectionViewController.swift */; };
		CE0ECB602C1DEAA40083E256 /* ProfileSelectionView.swift in Sources */ = {isa = PBXBuildFile; fileRef = CE0ECB5F2C1DEAA40083E256 /* ProfileSelectionView.swift */; };
		CE0ECB622C1DFB960083E256 /* Reusable.swift in Sources */ = {isa = PBXBuildFile; fileRef = CE0ECB612C1DFB960083E256 /* Reusable.swift */; };
		CE0ECB642C1DFCDD0083E256 /* ProfileSelectionViewCell.swift in Sources */ = {isa = PBXBuildFile; fileRef = CE0ECB632C1DFCDD0083E256 /* ProfileSelectionViewCell.swift */; };
		CE0ECB672C1E95340083E256 /* MOTableViewCell.swift in Sources */ = {isa = PBXBuildFile; fileRef = CE0ECB662C1E95340083E256 /* MOTableViewCell.swift */; };
		CE0ECB692C1EA76C0083E256 /* SearchResultView.swift in Sources */ = {isa = PBXBuildFile; fileRef = CE0ECB682C1EA76C0083E256 /* SearchResultView.swift */; };
		CE0ECB6C2C1EA7840083E256 /* SearchResultViewController.swift in Sources */ = {isa = PBXBuildFile; fileRef = CE0ECB6B2C1EA7840083E256 /* SearchResultViewController.swift */; };
		CE0ECB6F2C1EAA050083E256 /* APIKey.swift in Sources */ = {isa = PBXBuildFile; fileRef = CE0ECB6E2C1EAA050083E256 /* APIKey.swift */; };
		CE0ECB712C1EB6E10083E256 /* SearchResultCollectionViewCell.swift in Sources */ = {isa = PBXBuildFile; fileRef = CE0ECB702C1EB6E10083E256 /* SearchResultCollectionViewCell.swift */; };
		CE0ECB742C1ECE6F0083E256 /* DetailSearchViewController.swift in Sources */ = {isa = PBXBuildFile; fileRef = CE0ECB732C1ECE6F0083E256 /* DetailSearchViewController.swift */; };
		CE0ECB762C1ECE9F0083E256 /* DetailSearchView.swift in Sources */ = {isa = PBXBuildFile; fileRef = CE0ECB752C1ECE9F0083E256 /* DetailSearchView.swift */; };
		CE0ECB792C1F36700083E256 /* BaseViewDelegate.swift in Sources */ = {isa = PBXBuildFile; fileRef = CE0ECB782C1F36700083E256 /* BaseViewDelegate.swift */; };
		CE0ECB7B2C1F369D0083E256 /* BaseViewActionTypes.swift in Sources */ = {isa = PBXBuildFile; fileRef = CE0ECB7A2C1F369D0083E256 /* BaseViewActionTypes.swift */; };
		CE0ECB7D2C1F3DFB0083E256 /* BaseViewStates.swift in Sources */ = {isa = PBXBuildFile; fileRef = CE0ECB7C2C1F3DFB0083E256 /* BaseViewStates.swift */; };
		CE0ECB802C1F48F00083E256 /* MOButtonLabelData.swift in Sources */ = {isa = PBXBuildFile; fileRef = CE0ECB7F2C1F48F00083E256 /* MOButtonLabelData.swift */; };
		CE0ECB822C1F54AC0083E256 /* MOButtonLabel.swift in Sources */ = {isa = PBXBuildFile; fileRef = CE0ECB812C1F54AC0083E256 /* MOButtonLabel.swift */; };
		CE0ECB842C1F601C0083E256 /* NaverShoppingResponse.swift in Sources */ = {isa = PBXBuildFile; fileRef = CE0ECB832C1F601C0083E256 /* NaverShoppingResponse.swift */; };
		CE61514D2C1AF69100165CAB /* AppDelegate.swift in Sources */ = {isa = PBXBuildFile; fileRef = CE61514C2C1AF69100165CAB /* AppDelegate.swift */; };
		CE61514F2C1AF69100165CAB /* SceneDelegate.swift in Sources */ = {isa = PBXBuildFile; fileRef = CE61514E2C1AF69100165CAB /* SceneDelegate.swift */; };
		CE6151512C1AF69100165CAB /* ViewController.swift in Sources */ = {isa = PBXBuildFile; fileRef = CE6151502C1AF69100165CAB /* ViewController.swift */; };
		CE6151542C1AF69100165CAB /* Base in Resources */ = {isa = PBXBuildFile; fileRef = CE6151532C1AF69100165CAB /* Base */; };
		CE6151562C1AF69200165CAB /* Assets.xcassets in Resources */ = {isa = PBXBuildFile; fileRef = CE6151552C1AF69200165CAB /* Assets.xcassets */; };
		CE6151592C1AF69200165CAB /* Base in Resources */ = {isa = PBXBuildFile; fileRef = CE6151582C1AF69200165CAB /* Base */; };
		CE6151612C1AF90900165CAB /* .gitIgnore in Resources */ = {isa = PBXBuildFile; fileRef = CE6151602C1AF90900165CAB /* .gitIgnore */; };
/* End PBXBuildFile section */

/* Begin PBXFileReference section */
		CE0ECB282C1CA8CF0083E256 /* Constants.swift */ = {isa = PBXFileReference; fileEncoding = 4; lastKnownFileType = sourcecode.swift; path = Constants.swift; sourceTree = "<group>"; };
		CE0ECB2B2C1CA8D40083E256 /* String+Extension.swift */ = {isa = PBXFileReference; fileEncoding = 4; lastKnownFileType = sourcecode.swift; path = "String+Extension.swift"; sourceTree = "<group>"; };
		CE0ECB2C2C1CA8D40083E256 /* UIColor+Extension.swift */ = {isa = PBXFileReference; fileEncoding = 4; lastKnownFileType = sourcecode.swift; path = "UIColor+Extension.swift"; sourceTree = "<group>"; };
		CE0ECB302C1CA8ED0083E256 /* LaunchScreenViewController.swift */ = {isa = PBXFileReference; fileEncoding = 4; lastKnownFileType = sourcecode.swift; path = LaunchScreenViewController.swift; sourceTree = "<group>"; };
		CE0ECB322C1CA8ED0083E256 /* OnboardingViewController.swift */ = {isa = PBXFileReference; fileEncoding = 4; lastKnownFileType = sourcecode.swift; path = OnboardingViewController.swift; sourceTree = "<group>"; };
		CE0ECB372C1CAA060083E256 /* BaseViewBuildable.swift */ = {isa = PBXFileReference; lastKnownFileType = sourcecode.swift; path = BaseViewBuildable.swift; sourceTree = "<group>"; };
		CE0ECB3A2C1CAA8D0083E256 /* MOBaseViewController.swift */ = {isa = PBXFileReference; lastKnownFileType = sourcecode.swift; path = MOBaseViewController.swift; sourceTree = "<group>"; };
		CE0ECB3C2C1CB2940083E256 /* BaseViewControllerBuildable.swift */ = {isa = PBXFileReference; lastKnownFileType = sourcecode.swift; path = BaseViewControllerBuildable.swift; sourceTree = "<group>"; };
		CE0ECB442C1CBF9F0083E256 /* LogoView.swift */ = {isa = PBXFileReference; lastKnownFileType = sourcecode.swift; path = LogoView.swift; sourceTree = "<group>"; };
		CE0ECB4A2C1D90FC0083E256 /* ProfileSettingViewController.swift */ = {isa = PBXFileReference; lastKnownFileType = sourcecode.swift; path = ProfileSettingViewController.swift; sourceTree = "<group>"; };
		CE0ECB4C2C1D91660083E256 /* ProfileImageView.swift */ = {isa = PBXFileReference; lastKnownFileType = sourcecode.swift; path = ProfileImageView.swift; sourceTree = "<group>"; };
		CE0ECB502C1DBD910083E256 /* RoundCornerButton.swift */ = {isa = PBXFileReference; lastKnownFileType = sourcecode.swift; path = RoundCornerButton.swift; sourceTree = "<group>"; };
		CE0ECB522C1DCE540083E256 /* ProfileSettingView.swift */ = {isa = PBXFileReference; lastKnownFileType = sourcecode.swift; path = ProfileSettingView.swift; sourceTree = "<group>"; };
		CE0ECB542C1DD1CA0083E256 /* MOTextField.swift */ = {isa = PBXFileReference; lastKnownFileType = sourcecode.swift; path = MOTextField.swift; sourceTree = "<group>"; };
		CE0ECB562C1DD7850083E256 /* UIImage+Extension.swift */ = {isa = PBXFileReference; lastKnownFileType = sourcecode.swift; path = "UIImage+Extension.swift"; sourceTree = "<group>"; };
		CE0ECB592C1DE8CA0083E256 /* MainViewController.swift */ = {isa = PBXFileReference; lastKnownFileType = sourcecode.swift; path = MainViewController.swift; sourceTree = "<group>"; };
		CE0ECB5B2C1DE94A0083E256 /* MainView.swift */ = {isa = PBXFileReference; lastKnownFileType = sourcecode.swift; path = MainView.swift; sourceTree = "<group>"; };
		CE0ECB5D2C1DEA830083E256 /* ProfileSelectionViewController.swift */ = {isa = PBXFileReference; lastKnownFileType = sourcecode.swift; path = ProfileSelectionViewController.swift; sourceTree = "<group>"; };
		CE0ECB5F2C1DEAA40083E256 /* ProfileSelectionView.swift */ = {isa = PBXFileReference; lastKnownFileType = sourcecode.swift; path = ProfileSelectionView.swift; sourceTree = "<group>"; };
		CE0ECB612C1DFB960083E256 /* Reusable.swift */ = {isa = PBXFileReference; lastKnownFileType = sourcecode.swift; path = Reusable.swift; sourceTree = "<group>"; };
		CE0ECB632C1DFCDD0083E256 /* ProfileSelectionViewCell.swift */ = {isa = PBXFileReference; lastKnownFileType = sourcecode.swift; path = ProfileSelectionViewCell.swift; sourceTree = "<group>"; };
		CE0ECB662C1E95340083E256 /* MOTableViewCell.swift */ = {isa = PBXFileReference; lastKnownFileType = sourcecode.swift; path = MOTableViewCell.swift; sourceTree = "<group>"; };
		CE0ECB682C1EA76C0083E256 /* SearchResultView.swift */ = {isa = PBXFileReference; lastKnownFileType = sourcecode.swift; path = SearchResultView.swift; sourceTree = "<group>"; };
		CE0ECB6B2C1EA7840083E256 /* SearchResultViewController.swift */ = {isa = PBXFileReference; lastKnownFileType = sourcecode.swift; path = SearchResultViewController.swift; sourceTree = "<group>"; };
		CE0ECB6E2C1EAA050083E256 /* APIKey.swift */ = {isa = PBXFileReference; lastKnownFileType = sourcecode.swift; path = APIKey.swift; sourceTree = "<group>"; };
		CE0ECB702C1EB6E10083E256 /* SearchResultCollectionViewCell.swift */ = {isa = PBXFileReference; lastKnownFileType = sourcecode.swift; path = SearchResultCollectionViewCell.swift; sourceTree = "<group>"; };
		CE0ECB732C1ECE6F0083E256 /* DetailSearchViewController.swift */ = {isa = PBXFileReference; lastKnownFileType = sourcecode.swift; path = DetailSearchViewController.swift; sourceTree = "<group>"; };
		CE0ECB752C1ECE9F0083E256 /* DetailSearchView.swift */ = {isa = PBXFileReference; lastKnownFileType = sourcecode.swift; path = DetailSearchView.swift; sourceTree = "<group>"; };
		CE0ECB782C1F36700083E256 /* BaseViewDelegate.swift */ = {isa = PBXFileReference; lastKnownFileType = sourcecode.swift; path = BaseViewDelegate.swift; sourceTree = "<group>"; };
		CE0ECB7A2C1F369D0083E256 /* BaseViewActionTypes.swift */ = {isa = PBXFileReference; lastKnownFileType = sourcecode.swift; path = BaseViewActionTypes.swift; sourceTree = "<group>"; };
		CE0ECB7C2C1F3DFB0083E256 /* BaseViewStates.swift */ = {isa = PBXFileReference; lastKnownFileType = sourcecode.swift; path = BaseViewStates.swift; sourceTree = "<group>"; };
		CE0ECB7F2C1F48F00083E256 /* MOButtonLabelData.swift */ = {isa = PBXFileReference; lastKnownFileType = sourcecode.swift; path = MOButtonLabelData.swift; sourceTree = "<group>"; };
		CE0ECB812C1F54AC0083E256 /* MOButtonLabel.swift */ = {isa = PBXFileReference; lastKnownFileType = sourcecode.swift; path = MOButtonLabel.swift; sourceTree = "<group>"; };
		CE0ECB832C1F601C0083E256 /* NaverShoppingResponse.swift */ = {isa = PBXFileReference; lastKnownFileType = sourcecode.swift; path = NaverShoppingResponse.swift; sourceTree = "<group>"; };
		CE6151492C1AF69100165CAB /* MeaningOut.app */ = {isa = PBXFileReference; explicitFileType = wrapper.application; includeInIndex = 0; path = MeaningOut.app; sourceTree = BUILT_PRODUCTS_DIR; };
		CE61514C2C1AF69100165CAB /* AppDelegate.swift */ = {isa = PBXFileReference; lastKnownFileType = sourcecode.swift; path = AppDelegate.swift; sourceTree = "<group>"; };
		CE61514E2C1AF69100165CAB /* SceneDelegate.swift */ = {isa = PBXFileReference; lastKnownFileType = sourcecode.swift; path = SceneDelegate.swift; sourceTree = "<group>"; };
		CE6151502C1AF69100165CAB /* ViewController.swift */ = {isa = PBXFileReference; lastKnownFileType = sourcecode.swift; path = ViewController.swift; sourceTree = "<group>"; };
		CE6151532C1AF69100165CAB /* Base */ = {isa = PBXFileReference; lastKnownFileType = file.storyboard; name = Base; path = Base.lproj/Main.storyboard; sourceTree = "<group>"; };
		CE6151552C1AF69200165CAB /* Assets.xcassets */ = {isa = PBXFileReference; lastKnownFileType = folder.assetcatalog; path = Assets.xcassets; sourceTree = "<group>"; };
		CE6151582C1AF69200165CAB /* Base */ = {isa = PBXFileReference; lastKnownFileType = file.storyboard; name = Base; path = Base.lproj/LaunchScreen.storyboard; sourceTree = "<group>"; };
		CE61515A2C1AF69200165CAB /* Info.plist */ = {isa = PBXFileReference; lastKnownFileType = text.plist.xml; path = Info.plist; sourceTree = "<group>"; };
		CE6151602C1AF90900165CAB /* .gitIgnore */ = {isa = PBXFileReference; lastKnownFileType = text; path = .gitIgnore; sourceTree = "<group>"; };
/* End PBXFileReference section */

/* Begin PBXFrameworksBuildPhase section */
		CE6151462C1AF69100165CAB /* Frameworks */ = {
			isa = PBXFrameworksBuildPhase;
			buildActionMask = 2147483647;
			files = (
				CE0ECB172C1B159F0083E256 /* SnapKit in Frameworks */,
				CE0ECB112C1B15900083E256 /* Kingfisher in Frameworks */,
				CE0ECB142C1B15980083E256 /* Alamofire in Frameworks */,
			);
			runOnlyForDeploymentPostprocessing = 0;
		};
/* End PBXFrameworksBuildPhase section */

/* Begin PBXGroup section */
		CE0ECB292C1CA8CF0083E256 /* Constants */ = {
			isa = PBXGroup;
			children = (
				CE0ECB282C1CA8CF0083E256 /* Constants.swift */,
				CE0ECB7A2C1F369D0083E256 /* BaseViewActionTypes.swift */,
				CE0ECB7C2C1F3DFB0083E256 /* BaseViewStates.swift */,
			);
			path = Constants;
			sourceTree = "<group>";
		};
		CE0ECB2D2C1CA8D40083E256 /* Extensions */ = {
			isa = PBXGroup;
			children = (
				CE0ECB2B2C1CA8D40083E256 /* String+Extension.swift */,
				CE0ECB2C2C1CA8D40083E256 /* UIColor+Extension.swift */,
				CE0ECB562C1DD7850083E256 /* UIImage+Extension.swift */,
			);
			path = Extensions;
			sourceTree = "<group>";
		};
		CE0ECB312C1CA8ED0083E256 /* LaunchScreen */ = {
			isa = PBXGroup;
			children = (
				CE0ECB302C1CA8ED0083E256 /* LaunchScreenViewController.swift */,
			);
			path = LaunchScreen;
			sourceTree = "<group>";
		};
		CE0ECB332C1CA8ED0083E256 /* Views */ = {
			isa = PBXGroup;
			children = (
				CE0ECB722C1ECE5C0083E256 /* DetailSearch */,
				CE0ECB6A2C1EA7760083E256 /* SearchResult */,
				CE0ECB582C1DE8BA0083E256 /* MainView */,
				CE0ECB432C1CBF8D0083E256 /* Components */,
				CE0ECB422C1CBF810083E256 /* Onboarding */,
				CE0ECB392C1CAA6A0083E256 /* MOBases */,
				CE0ECB312C1CA8ED0083E256 /* LaunchScreen */,
			);
			path = Views;
			sourceTree = "<group>";
		};
		CE0ECB362C1CA9FC0083E256 /* Protocols */ = {
			isa = PBXGroup;
			children = (
				CE0ECB372C1CAA060083E256 /* BaseViewBuildable.swift */,
				CE0ECB3C2C1CB2940083E256 /* BaseViewControllerBuildable.swift */,
				CE0ECB612C1DFB960083E256 /* Reusable.swift */,
				CE0ECB782C1F36700083E256 /* BaseViewDelegate.swift */,
			);
			path = Protocols;
			sourceTree = "<group>";
		};
		CE0ECB392C1CAA6A0083E256 /* MOBases */ = {
			isa = PBXGroup;
			children = (
				CE0ECB3A2C1CAA8D0083E256 /* MOBaseViewController.swift */,
			);
			path = MOBases;
			sourceTree = "<group>";
		};
		CE0ECB422C1CBF810083E256 /* Onboarding */ = {
			isa = PBXGroup;
			children = (
				CE0ECB322C1CA8ED0083E256 /* OnboardingViewController.swift */,
				CE0ECB4A2C1D90FC0083E256 /* ProfileSettingViewController.swift */,
				CE0ECB522C1DCE540083E256 /* ProfileSettingView.swift */,
				CE0ECB5D2C1DEA830083E256 /* ProfileSelectionViewController.swift */,
				CE0ECB5F2C1DEAA40083E256 /* ProfileSelectionView.swift */,
				CE0ECB632C1DFCDD0083E256 /* ProfileSelectionViewCell.swift */,
			);
			path = Onboarding;
			sourceTree = "<group>";
		};
		CE0ECB432C1CBF8D0083E256 /* Components */ = {
			isa = PBXGroup;
			children = (
				CE0ECB4F2C1DBD3B0083E256 /* Component */,
				CE0ECB4E2C1DBD320083E256 /* View */,
			);
			path = Components;
			sourceTree = "<group>";
		};
		CE0ECB4E2C1DBD320083E256 /* View */ = {
			isa = PBXGroup;
			children = (
				CE0ECB4C2C1D91660083E256 /* ProfileImageView.swift */,
				CE0ECB442C1CBF9F0083E256 /* LogoView.swift */,
			);
			path = View;
			sourceTree = "<group>";
		};
		CE0ECB4F2C1DBD3B0083E256 /* Component */ = {
			isa = PBXGroup;
			children = (
				CE0ECB502C1DBD910083E256 /* RoundCornerButton.swift */,
				CE0ECB542C1DD1CA0083E256 /* MOTextField.swift */,
				CE0ECB662C1E95340083E256 /* MOTableViewCell.swift */,
				CE0ECB812C1F54AC0083E256 /* MOButtonLabel.swift */,
			);
			path = Component;
			sourceTree = "<group>";
		};
		CE0ECB582C1DE8BA0083E256 /* MainView */ = {
			isa = PBXGroup;
			children = (
				CE0ECB592C1DE8CA0083E256 /* MainViewController.swift */,
				CE0ECB5B2C1DE94A0083E256 /* MainView.swift */,
			);
			path = MainView;
			sourceTree = "<group>";
		};
		CE0ECB6A2C1EA7760083E256 /* SearchResult */ = {
			isa = PBXGroup;
			children = (
				CE0ECB682C1EA76C0083E256 /* SearchResultView.swift */,
				CE0ECB6B2C1EA7840083E256 /* SearchResultViewController.swift */,
				CE0ECB702C1EB6E10083E256 /* SearchResultCollectionViewCell.swift */,
			);
			path = SearchResult;
			sourceTree = "<group>";
		};
		CE0ECB6D2C1EA9F90083E256 /* APIKeys */ = {
			isa = PBXGroup;
			children = (
				CE0ECB6E2C1EAA050083E256 /* APIKey.swift */,
			);
			path = APIKeys;
			sourceTree = "<group>";
		};
		CE0ECB722C1ECE5C0083E256 /* DetailSearch */ = {
			isa = PBXGroup;
			children = (
				CE0ECB732C1ECE6F0083E256 /* DetailSearchViewController.swift */,
				CE0ECB752C1ECE9F0083E256 /* DetailSearchView.swift */,
			);
			path = DetailSearch;
			sourceTree = "<group>";
		};
		CE0ECB7E2C1F48E90083E256 /* Models */ = {
			isa = PBXGroup;
			children = (
				CE0ECB7F2C1F48F00083E256 /* MOButtonLabelData.swift */,
				CE0ECB832C1F601C0083E256 /* NaverShoppingResponse.swift */,
			);
			path = Models;
			sourceTree = "<group>";
		};
		CE6151402C1AF69100165CAB = {
			isa = PBXGroup;
			children = (
				CE6151602C1AF90900165CAB /* .gitIgnore */,
				CE61514B2C1AF69100165CAB /* MeaningOut */,
				CE61514A2C1AF69100165CAB /* Products */,
			);
			sourceTree = "<group>";
		};
		CE61514A2C1AF69100165CAB /* Products */ = {
			isa = PBXGroup;
			children = (
				CE6151492C1AF69100165CAB /* MeaningOut.app */,
			);
			name = Products;
			sourceTree = "<group>";
		};
		CE61514B2C1AF69100165CAB /* MeaningOut */ = {
			isa = PBXGroup;
			children = (
				CE0ECB7E2C1F48E90083E256 /* Models */,
				CE0ECB6D2C1EA9F90083E256 /* APIKeys */,
				CE0ECB362C1CA9FC0083E256 /* Protocols */,
				CE61514C2C1AF69100165CAB /* AppDelegate.swift */,
				CE61514E2C1AF69100165CAB /* SceneDelegate.swift */,
				CE6151502C1AF69100165CAB /* ViewController.swift */,
				CE6151522C1AF69100165CAB /* Main.storyboard */,
				CE6151552C1AF69200165CAB /* Assets.xcassets */,
				CE6151572C1AF69200165CAB /* LaunchScreen.storyboard */,
				CE61515A2C1AF69200165CAB /* Info.plist */,
				CE0ECB332C1CA8ED0083E256 /* Views */,
				CE0ECB2D2C1CA8D40083E256 /* Extensions */,
				CE0ECB292C1CA8CF0083E256 /* Constants */,
			);
			path = MeaningOut;
			sourceTree = "<group>";
		};
/* End PBXGroup section */

/* Begin PBXNativeTarget section */
		CE6151482C1AF69100165CAB /* MeaningOut */ = {
			isa = PBXNativeTarget;
			buildConfigurationList = CE61515D2C1AF69200165CAB /* Build configuration list for PBXNativeTarget "MeaningOut" */;
			buildPhases = (
				CE6151452C1AF69100165CAB /* Sources */,
				CE6151462C1AF69100165CAB /* Frameworks */,
				CE6151472C1AF69100165CAB /* Resources */,
			);
			buildRules = (
			);
			dependencies = (
			);
			name = MeaningOut;
			packageProductDependencies = (
				CE0ECB102C1B15900083E256 /* Kingfisher */,
				CE0ECB132C1B15980083E256 /* Alamofire */,
				CE0ECB162C1B159F0083E256 /* SnapKit */,
			);
			productName = MeaningOut;
			productReference = CE6151492C1AF69100165CAB /* MeaningOut.app */;
			productType = "com.apple.product-type.application";
		};
/* End PBXNativeTarget section */

/* Begin PBXProject section */
		CE6151412C1AF69100165CAB /* Project object */ = {
			isa = PBXProject;
			attributes = {
				BuildIndependentTargetsInParallel = 1;
				LastSwiftUpdateCheck = 1530;
				LastUpgradeCheck = 1530;
				TargetAttributes = {
					CE6151482C1AF69100165CAB = {
						CreatedOnToolsVersion = 15.3;
					};
				};
			};
			buildConfigurationList = CE6151442C1AF69100165CAB /* Build configuration list for PBXProject "MeaningOut" */;
			compatibilityVersion = "Xcode 14.0";
			developmentRegion = en;
			hasScannedForEncodings = 0;
			knownRegions = (
				en,
				Base,
			);
			mainGroup = CE6151402C1AF69100165CAB;
			packageReferences = (
				CE0ECB0F2C1B15900083E256 /* XCRemoteSwiftPackageReference "Kingfisher" */,
				CE0ECB122C1B15980083E256 /* XCRemoteSwiftPackageReference "Alamofire" */,
				CE0ECB152C1B159F0083E256 /* XCRemoteSwiftPackageReference "SnapKit" */,
			);
			productRefGroup = CE61514A2C1AF69100165CAB /* Products */;
			projectDirPath = "";
			projectRoot = "";
			targets = (
				CE6151482C1AF69100165CAB /* MeaningOut */,
			);
		};
/* End PBXProject section */

/* Begin PBXResourcesBuildPhase section */
		CE6151472C1AF69100165CAB /* Resources */ = {
			isa = PBXResourcesBuildPhase;
			buildActionMask = 2147483647;
			files = (
				CE6151612C1AF90900165CAB /* .gitIgnore in Resources */,
				CE6151562C1AF69200165CAB /* Assets.xcassets in Resources */,
				CE6151592C1AF69200165CAB /* Base in Resources */,
				CE6151542C1AF69100165CAB /* Base in Resources */,
			);
			runOnlyForDeploymentPostprocessing = 0;
		};
/* End PBXResourcesBuildPhase section */

/* Begin PBXSourcesBuildPhase section */
		CE6151452C1AF69100165CAB /* Sources */ = {
			isa = PBXSourcesBuildPhase;
			buildActionMask = 2147483647;
			files = (
				CE0ECB672C1E95340083E256 /* MOTableViewCell.swift in Sources */,
				CE0ECB342C1CA8ED0083E256 /* LaunchScreenViewController.swift in Sources */,
				CE0ECB792C1F36700083E256 /* BaseViewDelegate.swift in Sources */,
				CE0ECB7D2C1F3DFB0083E256 /* BaseViewStates.swift in Sources */,
				CE0ECB452C1CBF9F0083E256 /* LogoView.swift in Sources */,
				CE6151512C1AF69100165CAB /* ViewController.swift in Sources */,
				CE0ECB822C1F54AC0083E256 /* MOButtonLabel.swift in Sources */,
				CE0ECB7B2C1F369D0083E256 /* BaseViewActionTypes.swift in Sources */,
				CE0ECB642C1DFCDD0083E256 /* ProfileSelectionViewCell.swift in Sources */,
				CE0ECB602C1DEAA40083E256 /* ProfileSelectionView.swift in Sources */,
				CE0ECB3D2C1CB2940083E256 /* BaseViewControllerBuildable.swift in Sources */,
				CE61514D2C1AF69100165CAB /* AppDelegate.swift in Sources */,
				CE0ECB762C1ECE9F0083E256 /* DetailSearchView.swift in Sources */,
				CE0ECB5A2C1DE8CA0083E256 /* MainViewController.swift in Sources */,
				CE0ECB352C1CA8ED0083E256 /* OnboardingViewController.swift in Sources */,
				CE0ECB712C1EB6E10083E256 /* SearchResultCollectionViewCell.swift in Sources */,
				CE0ECB6C2C1EA7840083E256 /* SearchResultViewController.swift in Sources */,
				CE0ECB842C1F601C0083E256 /* NaverShoppingResponse.swift in Sources */,
				CE0ECB4B2C1D90FC0083E256 /* ProfileSettingViewController.swift in Sources */,
				CE0ECB802C1F48F00083E256 /* MOButtonLabelData.swift in Sources */,
				CE61514F2C1AF69100165CAB /* SceneDelegate.swift in Sources */,
				CE0ECB4D2C1D91660083E256 /* ProfileImageView.swift in Sources */,
				CE0ECB692C1EA76C0083E256 /* SearchResultView.swift in Sources */,
				CE0ECB742C1ECE6F0083E256 /* DetailSearchViewController.swift in Sources */,
				CE0ECB552C1DD1CA0083E256 /* MOTextField.swift in Sources */,
				CE0ECB512C1DBD910083E256 /* RoundCornerButton.swift in Sources */,
				CE0ECB3B2C1CAA8D0083E256 /* MOBaseViewController.swift in Sources */,
				CE0ECB622C1DFB960083E256 /* Reusable.swift in Sources */,
				CE0ECB5C2C1DE94A0083E256 /* MainView.swift in Sources */,
				CE0ECB2F2C1CA8D40083E256 /* UIColor+Extension.swift in Sources */,
				CE0ECB382C1CAA060083E256 /* BaseViewBuildable.swift in Sources */,
				CE0ECB6F2C1EAA050083E256 /* APIKey.swift in Sources */,
				CE0ECB572C1DD7850083E256 /* UIImage+Extension.swift in Sources */,
				CE0ECB532C1DCE540083E256 /* ProfileSettingView.swift in Sources */,
				CE0ECB2E2C1CA8D40083E256 /* String+Extension.swift in Sources */,
				CE0ECB5E2C1DEA830083E256 /* ProfileSelectionViewController.swift in Sources */,
				CE0ECB2A2C1CA8CF0083E256 /* Constants.swift in Sources */,
			);
			runOnlyForDeploymentPostprocessing = 0;
		};
/* End PBXSourcesBuildPhase section */

/* Begin PBXVariantGroup section */
		CE6151522C1AF69100165CAB /* Main.storyboard */ = {
			isa = PBXVariantGroup;
			children = (
				CE6151532C1AF69100165CAB /* Base */,
			);
			name = Main.storyboard;
			sourceTree = "<group>";
		};
		CE6151572C1AF69200165CAB /* LaunchScreen.storyboard */ = {
			isa = PBXVariantGroup;
			children = (
				CE6151582C1AF69200165CAB /* Base */,
			);
			name = LaunchScreen.storyboard;
			sourceTree = "<group>";
		};
/* End PBXVariantGroup section */

/* Begin XCBuildConfiguration section */
		CE61515B2C1AF69200165CAB /* Debug */ = {
			isa = XCBuildConfiguration;
			buildSettings = {
				ALWAYS_SEARCH_USER_PATHS = NO;
				ASSETCATALOG_COMPILER_GENERATE_SWIFT_ASSET_SYMBOL_EXTENSIONS = YES;
				CLANG_ANALYZER_NONNULL = YES;
				CLANG_ANALYZER_NUMBER_OBJECT_CONVERSION = YES_AGGRESSIVE;
				CLANG_CXX_LANGUAGE_STANDARD = "gnu++20";
				CLANG_ENABLE_MODULES = YES;
				CLANG_ENABLE_OBJC_ARC = YES;
				CLANG_ENABLE_OBJC_WEAK = YES;
				CLANG_WARN_BLOCK_CAPTURE_AUTORELEASING = YES;
				CLANG_WARN_BOOL_CONVERSION = YES;
				CLANG_WARN_COMMA = YES;
				CLANG_WARN_CONSTANT_CONVERSION = YES;
				CLANG_WARN_DEPRECATED_OBJC_IMPLEMENTATIONS = YES;
				CLANG_WARN_DIRECT_OBJC_ISA_USAGE = YES_ERROR;
				CLANG_WARN_DOCUMENTATION_COMMENTS = YES;
				CLANG_WARN_EMPTY_BODY = YES;
				CLANG_WARN_ENUM_CONVERSION = YES;
				CLANG_WARN_INFINITE_RECURSION = YES;
				CLANG_WARN_INT_CONVERSION = YES;
				CLANG_WARN_NON_LITERAL_NULL_CONVERSION = YES;
				CLANG_WARN_OBJC_IMPLICIT_RETAIN_SELF = YES;
				CLANG_WARN_OBJC_LITERAL_CONVERSION = YES;
				CLANG_WARN_OBJC_ROOT_CLASS = YES_ERROR;
				CLANG_WARN_QUOTED_INCLUDE_IN_FRAMEWORK_HEADER = YES;
				CLANG_WARN_RANGE_LOOP_ANALYSIS = YES;
				CLANG_WARN_STRICT_PROTOTYPES = YES;
				CLANG_WARN_SUSPICIOUS_MOVE = YES;
				CLANG_WARN_UNGUARDED_AVAILABILITY = YES_AGGRESSIVE;
				CLANG_WARN_UNREACHABLE_CODE = YES;
				CLANG_WARN__DUPLICATE_METHOD_MATCH = YES;
				COPY_PHASE_STRIP = NO;
				DEBUG_INFORMATION_FORMAT = dwarf;
				ENABLE_STRICT_OBJC_MSGSEND = YES;
				ENABLE_TESTABILITY = YES;
				ENABLE_USER_SCRIPT_SANDBOXING = YES;
				GCC_C_LANGUAGE_STANDARD = gnu17;
				GCC_DYNAMIC_NO_PIC = NO;
				GCC_NO_COMMON_BLOCKS = YES;
				GCC_OPTIMIZATION_LEVEL = 0;
				GCC_PREPROCESSOR_DEFINITIONS = (
					"DEBUG=1",
					"$(inherited)",
				);
				GCC_WARN_64_TO_32_BIT_CONVERSION = YES;
				GCC_WARN_ABOUT_RETURN_TYPE = YES_ERROR;
				GCC_WARN_UNDECLARED_SELECTOR = YES;
				GCC_WARN_UNINITIALIZED_AUTOS = YES_AGGRESSIVE;
				GCC_WARN_UNUSED_FUNCTION = YES;
				GCC_WARN_UNUSED_VARIABLE = YES;
				IPHONEOS_DEPLOYMENT_TARGET = 17.4;
				LOCALIZATION_PREFERS_STRING_CATALOGS = YES;
				MTL_ENABLE_DEBUG_INFO = INCLUDE_SOURCE;
				MTL_FAST_MATH = YES;
				ONLY_ACTIVE_ARCH = YES;
				SDKROOT = iphoneos;
				SWIFT_ACTIVE_COMPILATION_CONDITIONS = "DEBUG $(inherited)";
				SWIFT_OPTIMIZATION_LEVEL = "-Onone";
			};
			name = Debug;
		};
		CE61515C2C1AF69200165CAB /* Release */ = {
			isa = XCBuildConfiguration;
			buildSettings = {
				ALWAYS_SEARCH_USER_PATHS = NO;
				ASSETCATALOG_COMPILER_GENERATE_SWIFT_ASSET_SYMBOL_EXTENSIONS = YES;
				CLANG_ANALYZER_NONNULL = YES;
				CLANG_ANALYZER_NUMBER_OBJECT_CONVERSION = YES_AGGRESSIVE;
				CLANG_CXX_LANGUAGE_STANDARD = "gnu++20";
				CLANG_ENABLE_MODULES = YES;
				CLANG_ENABLE_OBJC_ARC = YES;
				CLANG_ENABLE_OBJC_WEAK = YES;
				CLANG_WARN_BLOCK_CAPTURE_AUTORELEASING = YES;
				CLANG_WARN_BOOL_CONVERSION = YES;
				CLANG_WARN_COMMA = YES;
				CLANG_WARN_CONSTANT_CONVERSION = YES;
				CLANG_WARN_DEPRECATED_OBJC_IMPLEMENTATIONS = YES;
				CLANG_WARN_DIRECT_OBJC_ISA_USAGE = YES_ERROR;
				CLANG_WARN_DOCUMENTATION_COMMENTS = YES;
				CLANG_WARN_EMPTY_BODY = YES;
				CLANG_WARN_ENUM_CONVERSION = YES;
				CLANG_WARN_INFINITE_RECURSION = YES;
				CLANG_WARN_INT_CONVERSION = YES;
				CLANG_WARN_NON_LITERAL_NULL_CONVERSION = YES;
				CLANG_WARN_OBJC_IMPLICIT_RETAIN_SELF = YES;
				CLANG_WARN_OBJC_LITERAL_CONVERSION = YES;
				CLANG_WARN_OBJC_ROOT_CLASS = YES_ERROR;
				CLANG_WARN_QUOTED_INCLUDE_IN_FRAMEWORK_HEADER = YES;
				CLANG_WARN_RANGE_LOOP_ANALYSIS = YES;
				CLANG_WARN_STRICT_PROTOTYPES = YES;
				CLANG_WARN_SUSPICIOUS_MOVE = YES;
				CLANG_WARN_UNGUARDED_AVAILABILITY = YES_AGGRESSIVE;
				CLANG_WARN_UNREACHABLE_CODE = YES;
				CLANG_WARN__DUPLICATE_METHOD_MATCH = YES;
				COPY_PHASE_STRIP = NO;
				DEBUG_INFORMATION_FORMAT = "dwarf-with-dsym";
				ENABLE_NS_ASSERTIONS = NO;
				ENABLE_STRICT_OBJC_MSGSEND = YES;
				ENABLE_USER_SCRIPT_SANDBOXING = YES;
				GCC_C_LANGUAGE_STANDARD = gnu17;
				GCC_NO_COMMON_BLOCKS = YES;
				GCC_WARN_64_TO_32_BIT_CONVERSION = YES;
				GCC_WARN_ABOUT_RETURN_TYPE = YES_ERROR;
				GCC_WARN_UNDECLARED_SELECTOR = YES;
				GCC_WARN_UNINITIALIZED_AUTOS = YES_AGGRESSIVE;
				GCC_WARN_UNUSED_FUNCTION = YES;
				GCC_WARN_UNUSED_VARIABLE = YES;
				IPHONEOS_DEPLOYMENT_TARGET = 17.4;
				LOCALIZATION_PREFERS_STRING_CATALOGS = YES;
				MTL_ENABLE_DEBUG_INFO = NO;
				MTL_FAST_MATH = YES;
				SDKROOT = iphoneos;
				SWIFT_COMPILATION_MODE = wholemodule;
				VALIDATE_PRODUCT = YES;
			};
			name = Release;
		};
		CE61515E2C1AF69200165CAB /* Debug */ = {
			isa = XCBuildConfiguration;
			buildSettings = {
				ASSETCATALOG_COMPILER_APPICON_NAME = AppIcon;
				ASSETCATALOG_COMPILER_GLOBAL_ACCENT_COLOR_NAME = AccentColor;
				CODE_SIGN_STYLE = Automatic;
				CURRENT_PROJECT_VERSION = 1;
				GENERATE_INFOPLIST_FILE = YES;
				INFOPLIST_FILE = MeaningOut/Info.plist;
				INFOPLIST_KEY_LSApplicationCategoryType = "";
				INFOPLIST_KEY_UIApplicationSupportsIndirectInputEvents = YES;
				INFOPLIST_KEY_UILaunchStoryboardName = LaunchScreen;
				INFOPLIST_KEY_UISupportedInterfaceOrientations = UIInterfaceOrientationPortrait;
				INFOPLIST_KEY_UISupportedInterfaceOrientations_iPad = "UIInterfaceOrientationLandscapeLeft UIInterfaceOrientationLandscapeRight UIInterfaceOrientationPortrait UIInterfaceOrientationPortraitUpsideDown";
				INFOPLIST_KEY_UIUserInterfaceStyle = Light;
				IPHONEOS_DEPLOYMENT_TARGET = 15.0;
				LD_RUNPATH_SEARCH_PATHS = (
					"$(inherited)",
					"@executable_path/Frameworks",
				);
				MARKETING_VERSION = 1.0;
				PRODUCT_BUNDLE_IDENTIFIER = com.Lets.MeaningOut;
				PRODUCT_NAME = "$(TARGET_NAME)";
				SUPPORTED_PLATFORMS = "iphoneos iphonesimulator";
				SUPPORTS_MACCATALYST = NO;
				SUPPORTS_MAC_DESIGNED_FOR_IPHONE_IPAD = NO;
				SUPPORTS_XR_DESIGNED_FOR_IPHONE_IPAD = NO;
				SWIFT_EMIT_LOC_STRINGS = YES;
				SWIFT_VERSION = 5.0;
				TARGETED_DEVICE_FAMILY = 1;
			};
			name = Debug;
		};
		CE61515F2C1AF69200165CAB /* Release */ = {
			isa = XCBuildConfiguration;
			buildSettings = {
				ASSETCATALOG_COMPILER_APPICON_NAME = AppIcon;
				ASSETCATALOG_COMPILER_GLOBAL_ACCENT_COLOR_NAME = AccentColor;
				CODE_SIGN_STYLE = Automatic;
				CURRENT_PROJECT_VERSION = 1;
				GENERATE_INFOPLIST_FILE = YES;
				INFOPLIST_FILE = MeaningOut/Info.plist;
				INFOPLIST_KEY_LSApplicationCategoryType = "";
				INFOPLIST_KEY_UIApplicationSupportsIndirectInputEvents = YES;
				INFOPLIST_KEY_UILaunchStoryboardName = LaunchScreen;
				INFOPLIST_KEY_UISupportedInterfaceOrientations = UIInterfaceOrientationPortrait;
				INFOPLIST_KEY_UISupportedInterfaceOrientations_iPad = "UIInterfaceOrientationLandscapeLeft UIInterfaceOrientationLandscapeRight UIInterfaceOrientationPortrait UIInterfaceOrientationPortraitUpsideDown";
				INFOPLIST_KEY_UIUserInterfaceStyle = Light;
				IPHONEOS_DEPLOYMENT_TARGET = 15.0;
				LD_RUNPATH_SEARCH_PATHS = (
					"$(inherited)",
					"@executable_path/Frameworks",
				);
				MARKETING_VERSION = 1.0;
				PRODUCT_BUNDLE_IDENTIFIER = com.Lets.MeaningOut;
				PRODUCT_NAME = "$(TARGET_NAME)";
				SUPPORTED_PLATFORMS = "iphoneos iphonesimulator";
				SUPPORTS_MACCATALYST = NO;
				SUPPORTS_MAC_DESIGNED_FOR_IPHONE_IPAD = NO;
				SUPPORTS_XR_DESIGNED_FOR_IPHONE_IPAD = NO;
				SWIFT_EMIT_LOC_STRINGS = YES;
				SWIFT_VERSION = 5.0;
				TARGETED_DEVICE_FAMILY = 1;
			};
			name = Release;
		};
/* End XCBuildConfiguration section */

/* Begin XCConfigurationList section */
		CE6151442C1AF69100165CAB /* Build configuration list for PBXProject "MeaningOut" */ = {
			isa = XCConfigurationList;
			buildConfigurations = (
				CE61515B2C1AF69200165CAB /* Debug */,
				CE61515C2C1AF69200165CAB /* Release */,
			);
			defaultConfigurationIsVisible = 0;
			defaultConfigurationName = Release;
		};
		CE61515D2C1AF69200165CAB /* Build configuration list for PBXNativeTarget "MeaningOut" */ = {
			isa = XCConfigurationList;
			buildConfigurations = (
				CE61515E2C1AF69200165CAB /* Debug */,
				CE61515F2C1AF69200165CAB /* Release */,
			);
			defaultConfigurationIsVisible = 0;
			defaultConfigurationName = Release;
		};
/* End XCConfigurationList section */

/* Begin XCRemoteSwiftPackageReference section */
		CE0ECB0F2C1B15900083E256 /* XCRemoteSwiftPackageReference "Kingfisher" */ = {
			isa = XCRemoteSwiftPackageReference;
			repositoryURL = "https://github.com/onevcat/Kingfisher";
			requirement = {
				kind = upToNextMajorVersion;
				minimumVersion = 7.12.0;
			};
		};
		CE0ECB122C1B15980083E256 /* XCRemoteSwiftPackageReference "Alamofire" */ = {
			isa = XCRemoteSwiftPackageReference;
			repositoryURL = "https://github.com/Alamofire/Alamofire.git";
			requirement = {
				kind = upToNextMajorVersion;
				minimumVersion = 5.9.1;
			};
		};
		CE0ECB152C1B159F0083E256 /* XCRemoteSwiftPackageReference "SnapKit" */ = {
			isa = XCRemoteSwiftPackageReference;
			repositoryURL = "https://github.com/SnapKit/SnapKit.git";
			requirement = {
				kind = upToNextMajorVersion;
				minimumVersion = 5.7.1;
			};
		};
/* End XCRemoteSwiftPackageReference section */

/* Begin XCSwiftPackageProductDependency section */
		CE0ECB102C1B15900083E256 /* Kingfisher */ = {
			isa = XCSwiftPackageProductDependency;
			package = CE0ECB0F2C1B15900083E256 /* XCRemoteSwiftPackageReference "Kingfisher" */;
			productName = Kingfisher;
		};
		CE0ECB132C1B15980083E256 /* Alamofire */ = {
			isa = XCSwiftPackageProductDependency;
			package = CE0ECB122C1B15980083E256 /* XCRemoteSwiftPackageReference "Alamofire" */;
			productName = Alamofire;
		};
		CE0ECB162C1B159F0083E256 /* SnapKit */ = {
			isa = XCSwiftPackageProductDependency;
			package = CE0ECB152C1B159F0083E256 /* XCRemoteSwiftPackageReference "SnapKit" */;
			productName = SnapKit;
		};
/* End XCSwiftPackageProductDependency section */
	};
	rootObject = CE6151412C1AF69100165CAB /* Project object */;
}
